
Microsoft Visual Studio Solution File, Format Version 12.00
# Visual Studio Version 17
VisualStudioVersion = 17.13.35825.156
MinimumVisualStudioVersion = 10.0.40219.1
Project("{54A90642-561A-4BB1-A94E-469ADEE60C69}") = "stock.client", "stock.client\stock.client.esproj", "{49BC6E68-1083-65B2-4707-8728C0EDFC36}"
EndProject
Project("{FAE04EC0-301F-11D3-BF4B-00C04F79EFBC}") = "Stock.Api", "Stock.Server\Stock.Api\Stock.Api.csproj", "{98AB7A29-E677-4FEF-BEA9-8693CE88C7E1}"
EndProject
Project("{FAE04EC0-301F-11D3-BF4B-00C04F79EFBC}") = "Stock.Test", "Stock.Server\Stock.Test\Stock.Test.csproj", "{3428975A-85DC-4A63-9770-482C9F4270FB}"
EndProject
Project("{FAE04EC0-301F-11D3-BF4B-00C04F79EFBC}") = "Stock.Interfaces", "Stock.Server\Stock.Interfaces\Stock.Interfaces.csproj", "{96F87DE0-4AF9-4173-BA2E-751BDA4A1EA8}"
EndProject
Project("{FAE04EC0-301F-11D3-BF4B-00C04F79EFBC}") = "Stock.Model", "Stock.Server\Stock.Model\Stock.Model.csproj", "{9AE3180B-8EB9-4539-8DE2-67C54A4939D3}"
EndProject
Project("{FAE04EC0-301F-11D3-BF4B-00C04F79EFBC}") = "Stock.Domain", "Stock.Server\Stock.Domain\Stock.Domain.csproj", "{3143D231-B0F5-47ED-8530-E7A20B1FFA75}"
EndProject
Project("{FAE04EC0-301F-11D3-BF4B-00C04F79EFBC}") = "Stock.Repository", "Stock.Server\Stock.Repository\Stock.Repository.csproj", "{70ABBB3E-1107-4392-8304-2AD0BA204117}"
EndProject
Project("{2150E333-8FDC-42A3-9474-1A3956D46DE8}") = "1", "1", "{02EA681E-C7D8-13C7-8484-4AC65E1B71E8}"
EndProject
Project("{2150E333-8FDC-42A3-9474-1A3956D46DE8}") = "2", "2", "{A88C0B4D-F5E9-4C77-9458-9752A738EBF4}"
EndProject
Project("{2150E333-8FDC-42A3-9474-1A3956D46DE8}") = "3", "3", "{7C929E33-EAA2-4D45-80E3-7EA6927E26AF}"
EndProject
Project("{2150E333-8FDC-42A3-9474-1A3956D46DE8}") = "4", "4", "{F6CE7AB5-7260-47C5-A7C7-2A721EBEBA3C}"
EndProject
Project("{2150E333-8FDC-42A3-9474-1A3956D46DE8}") = "5", "5", "{3CD654BA-4C56-49B4-AF7E-F18AAECA0F69}"
EndProject
Project("{2150E333-8FDC-42A3-9474-1A3956D46DE8}") = "6", "6", "{8D6E734F-E49C-48B2-B9E4-4D7B7FE7BBE9}"
EndProject
Project("{2150E333-8FDC-42A3-9474-1A3956D46DE8}") = "7", "7", "{43D16715-88D1-4B57-B2F9-59EE0ED76D4E}"
EndProject
Global
	GlobalSection(SolutionConfigurationPlatforms) = preSolution
		Debug|Any CPU = Debug|Any CPU
		Release|Any CPU = Release|Any CPU
	EndGlobalSection
	GlobalSection(ProjectConfigurationPlatforms) = postSolution
		{49BC6E68-1083-65B2-4707-8728C0EDFC36}.Debug|Any CPU.ActiveCfg = Debug|Any CPU
		{49BC6E68-1083-65B2-4707-8728C0EDFC36}.Debug|Any CPU.Build.0 = Debug|Any CPU
		{49BC6E68-1083-65B2-4707-8728C0EDFC36}.Debug|Any CPU.Deploy.0 = Debug|Any CPU
		{49BC6E68-1083-65B2-4707-8728C0EDFC36}.Release|Any CPU.ActiveCfg = Release|Any CPU
		{49BC6E68-1083-65B2-4707-8728C0EDFC36}.Release|Any CPU.Build.0 = Release|Any CPU
		{49BC6E68-1083-65B2-4707-8728C0EDFC36}.Release|Any CPU.Deploy.0 = Release|Any CPU
		{98AB7A29-E677-4FEF-BEA9-8693CE88C7E1}.Debug|Any CPU.ActiveCfg = Debug|Any CPU
		{98AB7A29-E677-4FEF-BEA9-8693CE88C7E1}.Debug|Any CPU.Build.0 = Debug|Any CPU
		{98AB7A29-E677-4FEF-BEA9-8693CE88C7E1}.Release|Any CPU.ActiveCfg = Release|Any CPU
		{98AB7A29-E677-4FEF-BEA9-8693CE88C7E1}.Release|Any CPU.Build.0 = Release|Any CPU
		{3428975A-85DC-4A63-9770-482C9F4270FB}.Debug|Any CPU.ActiveCfg = Debug|Any CPU
		{3428975A-85DC-4A63-9770-482C9F4270FB}.Debug|Any CPU.Build.0 = Debug|Any CPU
		{3428975A-85DC-4A63-9770-482C9F4270FB}.Release|Any CPU.ActiveCfg = Release|Any CPU
		{3428975A-85DC-4A63-9770-482C9F4270FB}.Release|Any CPU.Build.0 = Release|Any CPU
		{96F87DE0-4AF9-4173-BA2E-751BDA4A1EA8}.Debug|Any CPU.ActiveCfg = Debug|Any CPU
		{96F87DE0-4AF9-4173-BA2E-751BDA4A1EA8}.Debug|Any CPU.Build.0 = Debug|Any CPU
		{96F87DE0-4AF9-4173-BA2E-751BDA4A1EA8}.Release|Any CPU.ActiveCfg = Release|Any CPU
		{96F87DE0-4AF9-4173-BA2E-751BDA4A1EA8}.Release|Any CPU.Build.0 = Release|Any CPU
		{9AE3180B-8EB9-4539-8DE2-67C54A4939D3}.Debug|Any CPU.ActiveCfg = Debug|Any CPU
		{9AE3180B-8EB9-4539-8DE2-67C54A4939D3}.Debug|Any CPU.Build.0 = Debug|Any CPU
		{9AE3180B-8EB9-4539-8DE2-67C54A4939D3}.Release|Any CPU.ActiveCfg = Release|Any CPU
		{9AE3180B-8EB9-4539-8DE2-67C54A4939D3}.Release|Any CPU.Build.0 = Release|Any CPU
		{3143D231-B0F5-47ED-8530-E7A20B1FFA75}.Debug|Any CPU.ActiveCfg = Debug|Any CPU
		{3143D231-B0F5-47ED-8530-E7A20B1FFA75}.Debug|Any CPU.Build.0 = Debug|Any CPU
		{3143D231-B0F5-47ED-8530-E7A20B1FFA75}.Release|Any CPU.ActiveCfg = Release|Any CPU
		{3143D231-B0F5-47ED-8530-E7A20B1FFA75}.Release|Any CPU.Build.0 = Release|Any CPU
		{70ABBB3E-1107-4392-8304-2AD0BA204117}.Debug|Any CPU.ActiveCfg = Debug|Any CPU
		{70ABBB3E-1107-4392-8304-2AD0BA204117}.Debug|Any CPU.Build.0 = Debug|Any CPU
		{70ABBB3E-1107-4392-8304-2AD0BA204117}.Release|Any CPU.ActiveCfg = Release|Any CPU
		{70ABBB3E-1107-4392-8304-2AD0BA204117}.Release|Any CPU.Build.0 = Release|Any CPU
	EndGlobalSection
	GlobalSection(SolutionProperties) = preSolution
		HideSolutionNode = FALSE
	EndGlobalSection
	GlobalSection(NestedProjects) = preSolution
		{49BC6E68-1083-65B2-4707-8728C0EDFC36} = {43D16715-88D1-4B57-B2F9-59EE0ED76D4E}
		{98AB7A29-E677-4FEF-BEA9-8693CE88C7E1} = {3CD654BA-4C56-49B4-AF7E-F18AAECA0F69}
		{3428975A-85DC-4A63-9770-482C9F4270FB} = {8D6E734F-E49C-48B2-B9E4-4D7B7FE7BBE9}
		{96F87DE0-4AF9-4173-BA2E-751BDA4A1EA8} = {A88C0B4D-F5E9-4C77-9458-9752A738EBF4}
		{9AE3180B-8EB9-4539-8DE2-67C54A4939D3} = {02EA681E-C7D8-13C7-8484-4AC65E1B71E8}
		{3143D231-B0F5-47ED-8530-E7A20B1FFA75} = {F6CE7AB5-7260-47C5-A7C7-2A721EBEBA3C}
		{70ABBB3E-1107-4392-8304-2AD0BA204117} = {7C929E33-EAA2-4D45-80E3-7EA6927E26AF}
	EndGlobalSection
	GlobalSection(ExtensibilityGlobals) = postSolution
		SolutionGuid = {20344BCF-32B8-4304-BE88-8A902E9EC62E}
	EndGlobalSection
EndGlobal
